
Microsoft Visual Studio Solution File, Format Version 12.00
# Visual Studio Version 17
VisualStudioVersion = 17.5.002.0
MinimumVisualStudioVersion = 10.0.40219.1
Project("{9A19103F-16F7-4668-BE54-9A1E7A4F7556}") = "AmazonScraper", "AmazonScraper.csproj", "{FA8DDE0B-9FFE-4ACA-A96B-0EF7E7F85599}"
EndProject
Global
	GlobalSection(SolutionConfigurationPlatforms) = preSolution
		Debug|Any CPU = Debug|Any CPU
		Release|Any CPU = Release|Any CPU
	EndGlobalSection
	GlobalSection(ProjectConfigurationPlatforms) = postSolution
		{FA8DDE0B-9FFE-4ACA-A96B-0EF7E7F85599}.Debug|Any CPU.ActiveCfg = Debug|Any CPU
		{FA8DDE0B-9FFE-4ACA-A96B-0EF7E7F85599}.Debug|Any CPU.Build.0 = Debug|Any CPU
		{FA8DDE0B-9FFE-4ACA-A96B-0EF7E7F85599}.Release|Any CPU.ActiveCfg = Release|Any CPU
		{FA8DDE0B-9FFE-4ACA-A96B-0EF7E7F85599}.Release|Any CPU.Build.0 = Release|Any CPU
	EndGlobalSection
	GlobalSection(SolutionProperties) = preSolution
		HideSolutionNode = FALSE
	EndGlobalSection
	GlobalSection(ExtensibilityGlobals) = postSolution
		SolutionGuid = {D9B267C5-166D-4EA1-8BB8-6E4992634D1C}
	EndGlobalSection
EndGlobal
